
Microsoft Visual Studio Solution File, Format Version 12.00
# Visual Studio Version 17
VisualStudioVersion = 17.3.32922.545
MinimumVisualStudioVersion = 10.0.40219.1
Project("{FAE04EC0-301F-11D3-BF4B-00C04F79EFBC}") = "MangXaHoi", "MangXaHoi\MangXaHoi.csproj", "{C8548BE3-9839-4E43-8C7F-B4F3FEA40BD9}"
EndProject
Global
	GlobalSection(SolutionConfigurationPlatforms) = preSolution
		Debug|Any CPU = Debug|Any CPU
		Release|Any CPU = Release|Any CPU
	EndGlobalSection
	GlobalSection(ProjectConfigurationPlatforms) = postSolution
		{C8548BE3-9839-4E43-8C7F-B4F3FEA40BD9}.Debug|Any CPU.ActiveCfg = Debug|Any CPU
		{C8548BE3-9839-4E43-8C7F-B4F3FEA40BD9}.Debug|Any CPU.Build.0 = Debug|Any CPU
		{C8548BE3-9839-4E43-8C7F-B4F3FEA40BD9}.Release|Any CPU.ActiveCfg = Release|Any CPU
		{C8548BE3-9839-4E43-8C7F-B4F3FEA40BD9}.Release|Any CPU.Build.0 = Release|Any CPU
	EndGlobalSection
	GlobalSection(SolutionProperties) = preSolution
		HideSolutionNode = FALSE
	EndGlobalSection
	GlobalSection(ExtensibilityGlobals) = postSolution
		SolutionGuid = {2542932C-C362-43A4-A63D-F9B9B3ED84EF}
	EndGlobalSection
EndGlobal
